
Microsoft Visual Studio Solution File, Format Version 12.00
# Visual Studio 14
VisualStudioVersion = 14.0.25420.1
MinimumVisualStudioVersion = 10.0.40219.1
Project("{FAE04EC0-301F-11D3-BF4B-00C04F79EFBC}") = "Test", "Test\Test.csproj", "{24A86B9D-403A-4FFF-A3A3-78EC4678CDD9}"
EndProject
Project("{2150E333-8FDC-42A3-9474-1A3956D46DE8}") = "02 Common", "02 Common", "{659F4311-BCDA-4F2E-9F6A-514D33CFFD59}"
EndProject
Project("{2150E333-8FDC-42A3-9474-1A3956D46DE8}") = "01 DbCommon", "01 DbCommon", "{F2C2FFDD-3F9E-4231-ADC7-3AD68D883B71}"
EndProject
Project("{2150E333-8FDC-42A3-9474-1A3956D46DE8}") = "04 Service", "04 Service", "{F86DC9FC-DA7B-49FF-BD94-2E3D7A3BB9D4}"
EndProject
Project("{2150E333-8FDC-42A3-9474-1A3956D46DE8}") = "05 WEB", "05 WEB", "{4411705D-710D-4F9D-BBC1-2D9B48DFB4B4}"
EndProject
Project("{2150E333-8FDC-42A3-9474-1A3956D46DE8}") = "06 Test", "06 Test", "{AC924084-5D59-44EC-B4D7-5C806088C5AA}"
EndProject
Project("{FAE04EC0-301F-11D3-BF4B-00C04F79EFBC}") = "Notify.Code", "Notify.Code\Notify.Code.csproj", "{66FBE572-2634-4209-A330-6D17BCBE5D75}"
EndProject
Project("{FAE04EC0-301F-11D3-BF4B-00C04F79EFBC}") = "Notify.DbCommon", "Notify.DbCommon\Notify.DbCommon.csproj", "{639500C4-7C4C-403C-980F-DA269D7243F7}"
EndProject
Project("{FAE04EC0-301F-11D3-BF4B-00C04F79EFBC}") = "Notify.Domain", "Notify.Domain\Notify.Domain.csproj", "{1D822D76-7D6E-4D97-B14C-C8EB8DA20C02}"
EndProject
Project("{FAE04EC0-301F-11D3-BF4B-00C04F79EFBC}") = "Notify.Infrastructure", "Notify.Infrastructure\Notify.Infrastructure.csproj", "{B69993B5-0B02-41D5-A844-91033C0CD88F}"
EndProject
Project("{FAE04EC0-301F-11D3-BF4B-00C04F79EFBC}") = "Notify.IRepository", "Notify.IRepository\Notify.IRepository.csproj", "{D54A535B-46DB-4716-A229-F1F73BB7E1C7}"
EndProject
Project("{FAE04EC0-301F-11D3-BF4B-00C04F79EFBC}") = "Notify.Model", "Notify.Model\Notify.Model.csproj", "{519A8659-B7EA-4B39-8578-3800AC7CF575}"
EndProject
Project("{FAE04EC0-301F-11D3-BF4B-00C04F79EFBC}") = "Notify.Repository", "Notify.Repository\Notify.Repository.csproj", "{8C5500D4-6F60-4466-8E19-228C760826E1}"
EndProject
Project("{FAE04EC0-301F-11D3-BF4B-00C04F79EFBC}") = "Notify.Service", "Notify.Service\Notify.Service.csproj", "{CED17A0B-876C-4D39-A01F-65FAE5B99592}"
EndProject
Project("{FAE04EC0-301F-11D3-BF4B-00C04F79EFBC}") = "Notify.WEB", "Notify.WEB\Notify.WEB.csproj", "{C74D2E85-90ED-4E14-88AE-E57571ED8CE6}"
EndProject
Project("{2150E333-8FDC-42A3-9474-1A3956D46DE8}") = "03 Factory", "03 Factory", "{725F4122-D290-42BF-B993-AEBFB4CE12D3}"
EndProject
Project("{FAE04EC0-301F-11D3-BF4B-00C04F79EFBC}") = "Notify.IDbFactory", "Notify.IDbFactory\Notify.IDbFactory.csproj", "{4CD99FDF-59EB-4DFA-AA9A-CEBDC572AC3F}"
EndProject
Project("{FAE04EC0-301F-11D3-BF4B-00C04F79EFBC}") = "Notify.MysqlDbFactory", "Notify.MysqlDbFactory\Notify.MysqlDbFactory.csproj", "{8373E596-84D6-455B-9970-944371C30749}"
EndProject
Project("{FAE04EC0-301F-11D3-BF4B-00C04F79EFBC}") = "Notify.SqlServerDbFactory", "Notify.SqlServerDbFactory\Notify.SqlServerDbFactory.csproj", "{84D401E0-E423-477F-9FDA-D1ACBE907CAC}"
EndProject
Project("{FAE04EC0-301F-11D3-BF4B-00C04F79EFBC}") = "Notify.Mail", "Notify.Mail\Notify.Mail.csproj", "{9792365A-FF7A-4EAD-A1AB-8A1EECDF5E25}"
EndProject
Project("{FAE04EC0-301F-11D3-BF4B-00C04F79EFBC}") = "Notify.Controller.Base", "Notify.Controller.Base\Notify.Controller.Base.csproj", "{6C988FF2-AE28-4109-886E-E0E301CA2944}"
EndProject
Project("{FAE04EC0-301F-11D3-BF4B-00C04F79EFBC}") = "Notify.Controller.Account", "Notify.Controller.Account\Notify.Controller.Account.csproj", "{4F58BCB5-F8AA-403F-986F-54B067BDAB57}"
EndProject
Project("{FAE04EC0-301F-11D3-BF4B-00C04F79EFBC}") = "Notify.Controller.Permission", "Notify.Controller.Permission\Notify.Controller.Permission.csproj", "{9567F431-7155-45F5-9AEC-721FEC6EC9D1}"
EndProject
Project("{FAE04EC0-301F-11D3-BF4B-00C04F79EFBC}") = "WebTest", "WebTest\WebTest.csproj", "{D6EC9FFC-5DD2-4CC0-96A2-174B3E0CF5D1}"
EndProject
Project("{FAE04EC0-301F-11D3-BF4B-00C04F79EFBC}") = "Notify.Controller.SwfupLoad", "Notify.Controller.SwfupLoad\Notify.Controller.SwfupLoad.csproj", "{B61CD89B-05EF-475F-AA22-45EE94CDE563}"
EndProject
Project("{2150E333-8FDC-42A3-9474-1A3956D46DE8}") = "esayui", "esayui", "{D5B14AF5-0D89-4600-8A53-C54F4E91294F}"
EndProject
Project("{2150E333-8FDC-42A3-9474-1A3956D46DE8}") = "bootstrap", "bootstrap", "{3C92348A-31D1-4F2B-8634-80B5F262C2D0}"
EndProject
Project("{FAE04EC0-301F-11D3-BF4B-00C04F79EFBC}") = "Notify.WEB.BootStrap", "Notify.WEB.BootStrap\Notify.WEB.BootStrap.csproj", "{EF5B728F-5BEE-4AD6-850A-7B5B95CC3164}"
EndProject
Project("{FAE04EC0-301F-11D3-BF4B-00C04F79EFBC}") = "Notify.AccessDbFactory", "Notify.AccessDbFactory\Notify.AccessDbFactory.csproj", "{76E5AD25-A493-4E4F-B11A-19EFA93975CF}"
EndProject
Project("{2150E333-8FDC-42A3-9474-1A3956D46DE8}") = "07 Tcp", "07 Tcp", "{3BB1E772-4F85-427B-9AD1-7912A69E01A2}"
EndProject
Project("{FAE04EC0-301F-11D3-BF4B-00C04F79EFBC}") = "TcpService", "TcpService\TcpService.csproj", "{F8996E4B-929B-4EBF-A51D-B28BC86C16F0}"
EndProject
Project("{FAE04EC0-301F-11D3-BF4B-00C04F79EFBC}") = "TcpClient", "TcpClient\TcpClient.csproj", "{2F5A3CCA-B825-4F16-A22E-9E304E92780C}"
EndProject
Project("{2150E333-8FDC-42A3-9474-1A3956D46DE8}") = "08 MongoDb", "08 MongoDb", "{1124A29E-DF02-4218-AC95-40F25B941E63}"
EndProject
Project("{FAE04EC0-301F-11D3-BF4B-00C04F79EFBC}") = "MongoDb", "MongoDb\MongoDb.csproj", "{5512EE96-41FC-41F8-A03E-86CEF9D8EB95}"
EndProject
Project("{2150E333-8FDC-42A3-9474-1A3956D46DE8}") = "09 Participles", "09 Participles", "{5AFB02BC-3CCD-4BDA-8B25-52238C7F63FB}"
EndProject
Project("{FAE04EC0-301F-11D3-BF4B-00C04F79EFBC}") = "Participles", "Participles\Participles.csproj", "{44329C01-B999-4CEA-B00E-8B8A442D24B4}"
EndProject
Global
	GlobalSection(SolutionConfigurationPlatforms) = preSolution
		Debug|Any CPU = Debug|Any CPU
		Release|Any CPU = Release|Any CPU
	EndGlobalSection
	GlobalSection(ProjectConfigurationPlatforms) = postSolution
		{24A86B9D-403A-4FFF-A3A3-78EC4678CDD9}.Debug|Any CPU.ActiveCfg = Debug|Any CPU
		{24A86B9D-403A-4FFF-A3A3-78EC4678CDD9}.Debug|Any CPU.Build.0 = Debug|Any CPU
		{24A86B9D-403A-4FFF-A3A3-78EC4678CDD9}.Release|Any CPU.ActiveCfg = Release|Any CPU
		{24A86B9D-403A-4FFF-A3A3-78EC4678CDD9}.Release|Any CPU.Build.0 = Release|Any CPU
		{66FBE572-2634-4209-A330-6D17BCBE5D75}.Debug|Any CPU.ActiveCfg = Debug|Any CPU
		{66FBE572-2634-4209-A330-6D17BCBE5D75}.Debug|Any CPU.Build.0 = Debug|Any CPU
		{66FBE572-2634-4209-A330-6D17BCBE5D75}.Release|Any CPU.ActiveCfg = Release|Any CPU
		{66FBE572-2634-4209-A330-6D17BCBE5D75}.Release|Any CPU.Build.0 = Release|Any CPU
		{639500C4-7C4C-403C-980F-DA269D7243F7}.Debug|Any CPU.ActiveCfg = Debug|Any CPU
		{639500C4-7C4C-403C-980F-DA269D7243F7}.Debug|Any CPU.Build.0 = Debug|Any CPU
		{639500C4-7C4C-403C-980F-DA269D7243F7}.Release|Any CPU.ActiveCfg = Release|Any CPU
		{639500C4-7C4C-403C-980F-DA269D7243F7}.Release|Any CPU.Build.0 = Release|Any CPU
		{1D822D76-7D6E-4D97-B14C-C8EB8DA20C02}.Debug|Any CPU.ActiveCfg = Debug|Any CPU
		{1D822D76-7D6E-4D97-B14C-C8EB8DA20C02}.Debug|Any CPU.Build.0 = Debug|Any CPU
		{1D822D76-7D6E-4D97-B14C-C8EB8DA20C02}.Release|Any CPU.ActiveCfg = Release|Any CPU
		{1D822D76-7D6E-4D97-B14C-C8EB8DA20C02}.Release|Any CPU.Build.0 = Release|Any CPU
		{B69993B5-0B02-41D5-A844-91033C0CD88F}.Debug|Any CPU.ActiveCfg = Debug|Any CPU
		{B69993B5-0B02-41D5-A844-91033C0CD88F}.Debug|Any CPU.Build.0 = Debug|Any CPU
		{B69993B5-0B02-41D5-A844-91033C0CD88F}.Release|Any CPU.ActiveCfg = Release|Any CPU
		{B69993B5-0B02-41D5-A844-91033C0CD88F}.Release|Any CPU.Build.0 = Release|Any CPU
		{D54A535B-46DB-4716-A229-F1F73BB7E1C7}.Debug|Any CPU.ActiveCfg = Debug|Any CPU
		{D54A535B-46DB-4716-A229-F1F73BB7E1C7}.Debug|Any CPU.Build.0 = Debug|Any CPU
		{D54A535B-46DB-4716-A229-F1F73BB7E1C7}.Release|Any CPU.ActiveCfg = Release|Any CPU
		{D54A535B-46DB-4716-A229-F1F73BB7E1C7}.Release|Any CPU.Build.0 = Release|Any CPU
		{519A8659-B7EA-4B39-8578-3800AC7CF575}.Debug|Any CPU.ActiveCfg = Debug|Any CPU
		{519A8659-B7EA-4B39-8578-3800AC7CF575}.Debug|Any CPU.Build.0 = Debug|Any CPU
		{519A8659-B7EA-4B39-8578-3800AC7CF575}.Release|Any CPU.ActiveCfg = Release|Any CPU
		{519A8659-B7EA-4B39-8578-3800AC7CF575}.Release|Any CPU.Build.0 = Release|Any CPU
		{8C5500D4-6F60-4466-8E19-228C760826E1}.Debug|Any CPU.ActiveCfg = Debug|Any CPU
		{8C5500D4-6F60-4466-8E19-228C760826E1}.Debug|Any CPU.Build.0 = Debug|Any CPU
		{8C5500D4-6F60-4466-8E19-228C760826E1}.Release|Any CPU.ActiveCfg = Release|Any CPU
		{8C5500D4-6F60-4466-8E19-228C760826E1}.Release|Any CPU.Build.0 = Release|Any CPU
		{CED17A0B-876C-4D39-A01F-65FAE5B99592}.Debug|Any CPU.ActiveCfg = Debug|Any CPU
		{CED17A0B-876C-4D39-A01F-65FAE5B99592}.Debug|Any CPU.Build.0 = Debug|Any CPU
		{CED17A0B-876C-4D39-A01F-65FAE5B99592}.Release|Any CPU.ActiveCfg = Release|Any CPU
		{CED17A0B-876C-4D39-A01F-65FAE5B99592}.Release|Any CPU.Build.0 = Release|Any CPU
		{C74D2E85-90ED-4E14-88AE-E57571ED8CE6}.Debug|Any CPU.ActiveCfg = Debug|Any CPU
		{C74D2E85-90ED-4E14-88AE-E57571ED8CE6}.Debug|Any CPU.Build.0 = Debug|Any CPU
		{C74D2E85-90ED-4E14-88AE-E57571ED8CE6}.Release|Any CPU.ActiveCfg = Release|Any CPU
		{C74D2E85-90ED-4E14-88AE-E57571ED8CE6}.Release|Any CPU.Build.0 = Release|Any CPU
		{4CD99FDF-59EB-4DFA-AA9A-CEBDC572AC3F}.Debug|Any CPU.ActiveCfg = Debug|Any CPU
		{4CD99FDF-59EB-4DFA-AA9A-CEBDC572AC3F}.Debug|Any CPU.Build.0 = Debug|Any CPU
		{4CD99FDF-59EB-4DFA-AA9A-CEBDC572AC3F}.Release|Any CPU.ActiveCfg = Release|Any CPU
		{4CD99FDF-59EB-4DFA-AA9A-CEBDC572AC3F}.Release|Any CPU.Build.0 = Release|Any CPU
		{8373E596-84D6-455B-9970-944371C30749}.Debug|Any CPU.ActiveCfg = Debug|Any CPU
		{8373E596-84D6-455B-9970-944371C30749}.Debug|Any CPU.Build.0 = Debug|Any CPU
		{8373E596-84D6-455B-9970-944371C30749}.Release|Any CPU.ActiveCfg = Release|Any CPU
		{8373E596-84D6-455B-9970-944371C30749}.Release|Any CPU.Build.0 = Release|Any CPU
		{84D401E0-E423-477F-9FDA-D1ACBE907CAC}.Debug|Any CPU.ActiveCfg = Debug|Any CPU
		{84D401E0-E423-477F-9FDA-D1ACBE907CAC}.Debug|Any CPU.Build.0 = Debug|Any CPU
		{84D401E0-E423-477F-9FDA-D1ACBE907CAC}.Release|Any CPU.ActiveCfg = Release|Any CPU
		{84D401E0-E423-477F-9FDA-D1ACBE907CAC}.Release|Any CPU.Build.0 = Release|Any CPU
		{9792365A-FF7A-4EAD-A1AB-8A1EECDF5E25}.Debug|Any CPU.ActiveCfg = Debug|Any CPU
		{9792365A-FF7A-4EAD-A1AB-8A1EECDF5E25}.Debug|Any CPU.Build.0 = Debug|Any CPU
		{9792365A-FF7A-4EAD-A1AB-8A1EECDF5E25}.Release|Any CPU.ActiveCfg = Release|Any CPU
		{9792365A-FF7A-4EAD-A1AB-8A1EECDF5E25}.Release|Any CPU.Build.0 = Release|Any CPU
		{6C988FF2-AE28-4109-886E-E0E301CA2944}.Debug|Any CPU.ActiveCfg = Debug|Any CPU
		{6C988FF2-AE28-4109-886E-E0E301CA2944}.Debug|Any CPU.Build.0 = Debug|Any CPU
		{6C988FF2-AE28-4109-886E-E0E301CA2944}.Release|Any CPU.ActiveCfg = Release|Any CPU
		{6C988FF2-AE28-4109-886E-E0E301CA2944}.Release|Any CPU.Build.0 = Release|Any CPU
		{4F58BCB5-F8AA-403F-986F-54B067BDAB57}.Debug|Any CPU.ActiveCfg = Debug|Any CPU
		{4F58BCB5-F8AA-403F-986F-54B067BDAB57}.Debug|Any CPU.Build.0 = Debug|Any CPU
		{4F58BCB5-F8AA-403F-986F-54B067BDAB57}.Release|Any CPU.ActiveCfg = Release|Any CPU
		{4F58BCB5-F8AA-403F-986F-54B067BDAB57}.Release|Any CPU.Build.0 = Release|Any CPU
		{9567F431-7155-45F5-9AEC-721FEC6EC9D1}.Debug|Any CPU.ActiveCfg = Debug|Any CPU
		{9567F431-7155-45F5-9AEC-721FEC6EC9D1}.Debug|Any CPU.Build.0 = Debug|Any CPU
		{9567F431-7155-45F5-9AEC-721FEC6EC9D1}.Release|Any CPU.ActiveCfg = Release|Any CPU
		{9567F431-7155-45F5-9AEC-721FEC6EC9D1}.Release|Any CPU.Build.0 = Release|Any CPU
		{D6EC9FFC-5DD2-4CC0-96A2-174B3E0CF5D1}.Debug|Any CPU.ActiveCfg = Debug|Any CPU
		{D6EC9FFC-5DD2-4CC0-96A2-174B3E0CF5D1}.Debug|Any CPU.Build.0 = Debug|Any CPU
		{D6EC9FFC-5DD2-4CC0-96A2-174B3E0CF5D1}.Release|Any CPU.ActiveCfg = Release|Any CPU
		{D6EC9FFC-5DD2-4CC0-96A2-174B3E0CF5D1}.Release|Any CPU.Build.0 = Release|Any CPU
		{B61CD89B-05EF-475F-AA22-45EE94CDE563}.Debug|Any CPU.ActiveCfg = Debug|Any CPU
		{B61CD89B-05EF-475F-AA22-45EE94CDE563}.Debug|Any CPU.Build.0 = Debug|Any CPU
		{B61CD89B-05EF-475F-AA22-45EE94CDE563}.Release|Any CPU.ActiveCfg = Release|Any CPU
		{B61CD89B-05EF-475F-AA22-45EE94CDE563}.Release|Any CPU.Build.0 = Release|Any CPU
		{EF5B728F-5BEE-4AD6-850A-7B5B95CC3164}.Debug|Any CPU.ActiveCfg = Debug|Any CPU
		{EF5B728F-5BEE-4AD6-850A-7B5B95CC3164}.Debug|Any CPU.Build.0 = Debug|Any CPU
		{EF5B728F-5BEE-4AD6-850A-7B5B95CC3164}.Release|Any CPU.ActiveCfg = Release|Any CPU
		{EF5B728F-5BEE-4AD6-850A-7B5B95CC3164}.Release|Any CPU.Build.0 = Release|Any CPU
		{76E5AD25-A493-4E4F-B11A-19EFA93975CF}.Debug|Any CPU.ActiveCfg = Debug|Any CPU
		{76E5AD25-A493-4E4F-B11A-19EFA93975CF}.Debug|Any CPU.Build.0 = Debug|Any CPU
		{76E5AD25-A493-4E4F-B11A-19EFA93975CF}.Release|Any CPU.ActiveCfg = Release|Any CPU
		{76E5AD25-A493-4E4F-B11A-19EFA93975CF}.Release|Any CPU.Build.0 = Release|Any CPU
		{F8996E4B-929B-4EBF-A51D-B28BC86C16F0}.Debug|Any CPU.ActiveCfg = Debug|Any CPU
		{F8996E4B-929B-4EBF-A51D-B28BC86C16F0}.Debug|Any CPU.Build.0 = Debug|Any CPU
		{F8996E4B-929B-4EBF-A51D-B28BC86C16F0}.Release|Any CPU.ActiveCfg = Release|Any CPU
		{F8996E4B-929B-4EBF-A51D-B28BC86C16F0}.Release|Any CPU.Build.0 = Release|Any CPU
		{2F5A3CCA-B825-4F16-A22E-9E304E92780C}.Debug|Any CPU.ActiveCfg = Debug|Any CPU
		{2F5A3CCA-B825-4F16-A22E-9E304E92780C}.Debug|Any CPU.Build.0 = Debug|Any CPU
		{2F5A3CCA-B825-4F16-A22E-9E304E92780C}.Release|Any CPU.ActiveCfg = Release|Any CPU
		{2F5A3CCA-B825-4F16-A22E-9E304E92780C}.Release|Any CPU.Build.0 = Release|Any CPU
		{5512EE96-41FC-41F8-A03E-86CEF9D8EB95}.Debug|Any CPU.ActiveCfg = Debug|Any CPU
		{5512EE96-41FC-41F8-A03E-86CEF9D8EB95}.Debug|Any CPU.Build.0 = Debug|Any CPU
		{5512EE96-41FC-41F8-A03E-86CEF9D8EB95}.Release|Any CPU.ActiveCfg = Release|Any CPU
		{5512EE96-41FC-41F8-A03E-86CEF9D8EB95}.Release|Any CPU.Build.0 = Release|Any CPU
		{44329C01-B999-4CEA-B00E-8B8A442D24B4}.Debug|Any CPU.ActiveCfg = Debug|Any CPU
		{44329C01-B999-4CEA-B00E-8B8A442D24B4}.Debug|Any CPU.Build.0 = Debug|Any CPU
		{44329C01-B999-4CEA-B00E-8B8A442D24B4}.Release|Any CPU.ActiveCfg = Release|Any CPU
		{44329C01-B999-4CEA-B00E-8B8A442D24B4}.Release|Any CPU.Build.0 = Release|Any CPU
	EndGlobalSection
	GlobalSection(SolutionProperties) = preSolution
		HideSolutionNode = FALSE
	EndGlobalSection
	GlobalSection(NestedProjects) = preSolution
		{24A86B9D-403A-4FFF-A3A3-78EC4678CDD9} = {AC924084-5D59-44EC-B4D7-5C806088C5AA}
		{66FBE572-2634-4209-A330-6D17BCBE5D75} = {659F4311-BCDA-4F2E-9F6A-514D33CFFD59}
		{639500C4-7C4C-403C-980F-DA269D7243F7} = {F2C2FFDD-3F9E-4231-ADC7-3AD68D883B71}
		{1D822D76-7D6E-4D97-B14C-C8EB8DA20C02} = {F86DC9FC-DA7B-49FF-BD94-2E3D7A3BB9D4}
		{B69993B5-0B02-41D5-A844-91033C0CD88F} = {F2C2FFDD-3F9E-4231-ADC7-3AD68D883B71}
		{D54A535B-46DB-4716-A229-F1F73BB7E1C7} = {F86DC9FC-DA7B-49FF-BD94-2E3D7A3BB9D4}
		{519A8659-B7EA-4B39-8578-3800AC7CF575} = {659F4311-BCDA-4F2E-9F6A-514D33CFFD59}
		{8C5500D4-6F60-4466-8E19-228C760826E1} = {F86DC9FC-DA7B-49FF-BD94-2E3D7A3BB9D4}
		{CED17A0B-876C-4D39-A01F-65FAE5B99592} = {F86DC9FC-DA7B-49FF-BD94-2E3D7A3BB9D4}
		{C74D2E85-90ED-4E14-88AE-E57571ED8CE6} = {D5B14AF5-0D89-4600-8A53-C54F4E91294F}
		{4CD99FDF-59EB-4DFA-AA9A-CEBDC572AC3F} = {725F4122-D290-42BF-B993-AEBFB4CE12D3}
		{8373E596-84D6-455B-9970-944371C30749} = {725F4122-D290-42BF-B993-AEBFB4CE12D3}
		{84D401E0-E423-477F-9FDA-D1ACBE907CAC} = {725F4122-D290-42BF-B993-AEBFB4CE12D3}
		{9792365A-FF7A-4EAD-A1AB-8A1EECDF5E25} = {659F4311-BCDA-4F2E-9F6A-514D33CFFD59}
		{6C988FF2-AE28-4109-886E-E0E301CA2944} = {4411705D-710D-4F9D-BBC1-2D9B48DFB4B4}
		{4F58BCB5-F8AA-403F-986F-54B067BDAB57} = {4411705D-710D-4F9D-BBC1-2D9B48DFB4B4}
		{9567F431-7155-45F5-9AEC-721FEC6EC9D1} = {4411705D-710D-4F9D-BBC1-2D9B48DFB4B4}
		{D6EC9FFC-5DD2-4CC0-96A2-174B3E0CF5D1} = {AC924084-5D59-44EC-B4D7-5C806088C5AA}
		{B61CD89B-05EF-475F-AA22-45EE94CDE563} = {4411705D-710D-4F9D-BBC1-2D9B48DFB4B4}
		{D5B14AF5-0D89-4600-8A53-C54F4E91294F} = {4411705D-710D-4F9D-BBC1-2D9B48DFB4B4}
		{3C92348A-31D1-4F2B-8634-80B5F262C2D0} = {4411705D-710D-4F9D-BBC1-2D9B48DFB4B4}
		{EF5B728F-5BEE-4AD6-850A-7B5B95CC3164} = {3C92348A-31D1-4F2B-8634-80B5F262C2D0}
		{76E5AD25-A493-4E4F-B11A-19EFA93975CF} = {725F4122-D290-42BF-B993-AEBFB4CE12D3}
		{F8996E4B-929B-4EBF-A51D-B28BC86C16F0} = {3BB1E772-4F85-427B-9AD1-7912A69E01A2}
		{2F5A3CCA-B825-4F16-A22E-9E304E92780C} = {3BB1E772-4F85-427B-9AD1-7912A69E01A2}
		{5512EE96-41FC-41F8-A03E-86CEF9D8EB95} = {1124A29E-DF02-4218-AC95-40F25B941E63}
		{44329C01-B999-4CEA-B00E-8B8A442D24B4} = {5AFB02BC-3CCD-4BDA-8B25-52238C7F63FB}
	EndGlobalSection
EndGlobal
